
Microsoft Visual Studio Solution File, Format Version 12.00
# Visual Studio 14
VisualStudioVersion = 14.0.24720.0
MinimumVisualStudioVersion = 10.0.40219.1
Project("{FAE04EC0-301F-11D3-BF4B-00C04F79EFBC}") = "HelloAzureAD", "HelloAzureAD\HelloAzureAD.csproj", "{BE38C2F2-EB39-4D28-9AE4-53065C25FEC9}"
EndProject
Project("{FAE04EC0-301F-11D3-BF4B-00C04F79EFBC}") = "GraphTreeView", "GraphTreeView\GraphTreeView.csproj", "{85BB5E99-58C0-4CC1-AC58-4CD19BB2CF18}"
EndProject
Project("{FAE04EC0-301F-11D3-BF4B-00C04F79EFBC}") = "WebAPIClientSingleTenant", "WebAPIClientSingleTenant\WebAPIClientSingleTenant.csproj", "{661D8207-2E6F-4CBF-B45C-CD1564BE8D75}"
EndProject
Project("{FAE04EC0-301F-11D3-BF4B-00C04F79EFBC}") = "WebAPIServerSingleTenant", "WebAPIServerSingleTenant\WebAPIServerSingleTenant.csproj", "{9BD1711B-8849-4827-9150-1C70BB6615E6}"
EndProject
Project("{FAE04EC0-301F-11D3-BF4B-00C04F79EFBC}") = "B2CVideoPortal", "B2CVideoPortal\B2CVideoPortal.csproj", "{C4CDB4BD-82D6-4AB2-AE33-6DDAFBD7EDE1}"
EndProject
Project("{FAE04EC0-301F-11D3-BF4B-00C04F79EFBC}") = "ADFSWebAPIServer", "ADFSWebAPIServer\ADFSWebAPIServer.csproj", "{2F36F6DE-8474-4011-9B18-29CE716F30AA}"
EndProject
Project("{FAE04EC0-301F-11D3-BF4B-00C04F79EFBC}") = "ADFSWebAPIClient", "ADFSWebAPIClient\ADFSWebAPIClient.csproj", "{6AE72A32-A6EB-482D-AF1C-177CF4E1469C}"
EndProject
Global
	GlobalSection(SolutionConfigurationPlatforms) = preSolution
		Debug|Any CPU = Debug|Any CPU
		Debug|ARM = Debug|ARM
		Debug|x64 = Debug|x64
		Debug|x86 = Debug|x86
		Release|Any CPU = Release|Any CPU
		Release|ARM = Release|ARM
		Release|x64 = Release|x64
		Release|x86 = Release|x86
	EndGlobalSection
	GlobalSection(ProjectConfigurationPlatforms) = postSolution
		{BE38C2F2-EB39-4D28-9AE4-53065C25FEC9}.Debug|Any CPU.ActiveCfg = Debug|x86
		{BE38C2F2-EB39-4D28-9AE4-53065C25FEC9}.Debug|ARM.ActiveCfg = Debug|ARM
		{BE38C2F2-EB39-4D28-9AE4-53065C25FEC9}.Debug|ARM.Build.0 = Debug|ARM
		{BE38C2F2-EB39-4D28-9AE4-53065C25FEC9}.Debug|ARM.Deploy.0 = Debug|ARM
		{BE38C2F2-EB39-4D28-9AE4-53065C25FEC9}.Debug|x64.ActiveCfg = Debug|x64
		{BE38C2F2-EB39-4D28-9AE4-53065C25FEC9}.Debug|x64.Build.0 = Debug|x64
		{BE38C2F2-EB39-4D28-9AE4-53065C25FEC9}.Debug|x64.Deploy.0 = Debug|x64
		{BE38C2F2-EB39-4D28-9AE4-53065C25FEC9}.Debug|x86.ActiveCfg = Debug|x86
		{BE38C2F2-EB39-4D28-9AE4-53065C25FEC9}.Debug|x86.Build.0 = Debug|x86
		{BE38C2F2-EB39-4D28-9AE4-53065C25FEC9}.Debug|x86.Deploy.0 = Debug|x86
		{BE38C2F2-EB39-4D28-9AE4-53065C25FEC9}.Release|Any CPU.ActiveCfg = Release|x86
		{BE38C2F2-EB39-4D28-9AE4-53065C25FEC9}.Release|ARM.ActiveCfg = Release|ARM
		{BE38C2F2-EB39-4D28-9AE4-53065C25FEC9}.Release|ARM.Build.0 = Release|ARM
		{BE38C2F2-EB39-4D28-9AE4-53065C25FEC9}.Release|ARM.Deploy.0 = Release|ARM
		{BE38C2F2-EB39-4D28-9AE4-53065C25FEC9}.Release|x64.ActiveCfg = Release|x64
		{BE38C2F2-EB39-4D28-9AE4-53065C25FEC9}.Release|x64.Build.0 = Release|x64
		{BE38C2F2-EB39-4D28-9AE4-53065C25FEC9}.Release|x64.Deploy.0 = Release|x64
		{BE38C2F2-EB39-4D28-9AE4-53065C25FEC9}.Release|x86.ActiveCfg = Release|x86
		{BE38C2F2-EB39-4D28-9AE4-53065C25FEC9}.Release|x86.Build.0 = Release|x86
		{BE38C2F2-EB39-4D28-9AE4-53065C25FEC9}.Release|x86.Deploy.0 = Release|x86
		{85BB5E99-58C0-4CC1-AC58-4CD19BB2CF18}.Debug|Any CPU.ActiveCfg = Debug|Any CPU
		{85BB5E99-58C0-4CC1-AC58-4CD19BB2CF18}.Debug|Any CPU.Build.0 = Debug|Any CPU
		{85BB5E99-58C0-4CC1-AC58-4CD19BB2CF18}.Debug|ARM.ActiveCfg = Debug|Any CPU
		{85BB5E99-58C0-4CC1-AC58-4CD19BB2CF18}.Debug|ARM.Build.0 = Debug|Any CPU
		{85BB5E99-58C0-4CC1-AC58-4CD19BB2CF18}.Debug|x64.ActiveCfg = Debug|Any CPU
		{85BB5E99-58C0-4CC1-AC58-4CD19BB2CF18}.Debug|x64.Build.0 = Debug|Any CPU
		{85BB5E99-58C0-4CC1-AC58-4CD19BB2CF18}.Debug|x86.ActiveCfg = Debug|Any CPU
		{85BB5E99-58C0-4CC1-AC58-4CD19BB2CF18}.Debug|x86.Build.0 = Debug|Any CPU
		{85BB5E99-58C0-4CC1-AC58-4CD19BB2CF18}.Release|Any CPU.ActiveCfg = Release|Any CPU
		{85BB5E99-58C0-4CC1-AC58-4CD19BB2CF18}.Release|Any CPU.Build.0 = Release|Any CPU
		{85BB5E99-58C0-4CC1-AC58-4CD19BB2CF18}.Release|ARM.ActiveCfg = Release|Any CPU
		{85BB5E99-58C0-4CC1-AC58-4CD19BB2CF18}.Release|ARM.Build.0 = Release|Any CPU
		{85BB5E99-58C0-4CC1-AC58-4CD19BB2CF18}.Release|x64.ActiveCfg = Release|Any CPU
		{85BB5E99-58C0-4CC1-AC58-4CD19BB2CF18}.Release|x64.Build.0 = Release|Any CPU
		{85BB5E99-58C0-4CC1-AC58-4CD19BB2CF18}.Release|x86.ActiveCfg = Release|Any CPU
		{85BB5E99-58C0-4CC1-AC58-4CD19BB2CF18}.Release|x86.Build.0 = Release|Any CPU
		{661D8207-2E6F-4CBF-B45C-CD1564BE8D75}.Debug|Any CPU.ActiveCfg = Debug|x86
		{661D8207-2E6F-4CBF-B45C-CD1564BE8D75}.Debug|ARM.ActiveCfg = Debug|ARM
		{661D8207-2E6F-4CBF-B45C-CD1564BE8D75}.Debug|ARM.Build.0 = Debug|ARM
		{661D8207-2E6F-4CBF-B45C-CD1564BE8D75}.Debug|ARM.Deploy.0 = Debug|ARM
		{661D8207-2E6F-4CBF-B45C-CD1564BE8D75}.Debug|x64.ActiveCfg = Debug|x64
		{661D8207-2E6F-4CBF-B45C-CD1564BE8D75}.Debug|x64.Build.0 = Debug|x64
		{661D8207-2E6F-4CBF-B45C-CD1564BE8D75}.Debug|x64.Deploy.0 = Debug|x64
		{661D8207-2E6F-4CBF-B45C-CD1564BE8D75}.Debug|x86.ActiveCfg = Debug|x86
		{661D8207-2E6F-4CBF-B45C-CD1564BE8D75}.Debug|x86.Build.0 = Debug|x86
		{661D8207-2E6F-4CBF-B45C-CD1564BE8D75}.Debug|x86.Deploy.0 = Debug|x86
		{661D8207-2E6F-4CBF-B45C-CD1564BE8D75}.Release|Any CPU.ActiveCfg = Release|x86
		{661D8207-2E6F-4CBF-B45C-CD1564BE8D75}.Release|ARM.ActiveCfg = Release|ARM
		{661D8207-2E6F-4CBF-B45C-CD1564BE8D75}.Release|ARM.Build.0 = Release|ARM
		{661D8207-2E6F-4CBF-B45C-CD1564BE8D75}.Release|ARM.Deploy.0 = Release|ARM
		{661D8207-2E6F-4CBF-B45C-CD1564BE8D75}.Release|x64.ActiveCfg = Release|x64
		{661D8207-2E6F-4CBF-B45C-CD1564BE8D75}.Release|x64.Build.0 = Release|x64
		{661D8207-2E6F-4CBF-B45C-CD1564BE8D75}.Release|x64.Deploy.0 = Release|x64
		{661D8207-2E6F-4CBF-B45C-CD1564BE8D75}.Release|x86.ActiveCfg = Release|x86
		{661D8207-2E6F-4CBF-B45C-CD1564BE8D75}.Release|x86.Build.0 = Release|x86
		{661D8207-2E6F-4CBF-B45C-CD1564BE8D75}.Release|x86.Deploy.0 = Release|x86
		{9BD1711B-8849-4827-9150-1C70BB6615E6}.Debug|Any CPU.ActiveCfg = Debug|Any CPU
		{9BD1711B-8849-4827-9150-1C70BB6615E6}.Debug|Any CPU.Build.0 = Debug|Any CPU
		{9BD1711B-8849-4827-9150-1C70BB6615E6}.Debug|ARM.ActiveCfg = Debug|Any CPU
		{9BD1711B-8849-4827-9150-1C70BB6615E6}.Debug|ARM.Build.0 = Debug|Any CPU
		{9BD1711B-8849-4827-9150-1C70BB6615E6}.Debug|x64.ActiveCfg = Debug|Any CPU
		{9BD1711B-8849-4827-9150-1C70BB6615E6}.Debug|x64.Build.0 = Debug|Any CPU
		{9BD1711B-8849-4827-9150-1C70BB6615E6}.Debug|x86.ActiveCfg = Debug|Any CPU
		{9BD1711B-8849-4827-9150-1C70BB6615E6}.Debug|x86.Build.0 = Debug|Any CPU
		{9BD1711B-8849-4827-9150-1C70BB6615E6}.Release|Any CPU.ActiveCfg = Release|Any CPU
		{9BD1711B-8849-4827-9150-1C70BB6615E6}.Release|Any CPU.Build.0 = Release|Any CPU
		{9BD1711B-8849-4827-9150-1C70BB6615E6}.Release|ARM.ActiveCfg = Release|Any CPU
		{9BD1711B-8849-4827-9150-1C70BB6615E6}.Release|ARM.Build.0 = Release|Any CPU
		{9BD1711B-8849-4827-9150-1C70BB6615E6}.Release|x64.ActiveCfg = Release|Any CPU
		{9BD1711B-8849-4827-9150-1C70BB6615E6}.Release|x64.Build.0 = Release|Any CPU
		{9BD1711B-8849-4827-9150-1C70BB6615E6}.Release|x86.ActiveCfg = Release|Any CPU
		{9BD1711B-8849-4827-9150-1C70BB6615E6}.Release|x86.Build.0 = Release|Any CPU
		{C4CDB4BD-82D6-4AB2-AE33-6DDAFBD7EDE1}.Debug|Any CPU.ActiveCfg = Debug|Any CPU
		{C4CDB4BD-82D6-4AB2-AE33-6DDAFBD7EDE1}.Debug|Any CPU.Build.0 = Debug|Any CPU
		{C4CDB4BD-82D6-4AB2-AE33-6DDAFBD7EDE1}.Debug|ARM.ActiveCfg = Debug|Any CPU
		{C4CDB4BD-82D6-4AB2-AE33-6DDAFBD7EDE1}.Debug|ARM.Build.0 = Debug|Any CPU
		{C4CDB4BD-82D6-4AB2-AE33-6DDAFBD7EDE1}.Debug|x64.ActiveCfg = Debug|Any CPU
		{C4CDB4BD-82D6-4AB2-AE33-6DDAFBD7EDE1}.Debug|x64.Build.0 = Debug|Any CPU
		{C4CDB4BD-82D6-4AB2-AE33-6DDAFBD7EDE1}.Debug|x86.ActiveCfg = Debug|Any CPU
		{C4CDB4BD-82D6-4AB2-AE33-6DDAFBD7EDE1}.Debug|x86.Build.0 = Debug|Any CPU
		{C4CDB4BD-82D6-4AB2-AE33-6DDAFBD7EDE1}.Release|Any CPU.ActiveCfg = Release|Any CPU
		{C4CDB4BD-82D6-4AB2-AE33-6DDAFBD7EDE1}.Release|Any CPU.Build.0 = Release|Any CPU
		{C4CDB4BD-82D6-4AB2-AE33-6DDAFBD7EDE1}.Release|ARM.ActiveCfg = Release|Any CPU
		{C4CDB4BD-82D6-4AB2-AE33-6DDAFBD7EDE1}.Release|ARM.Build.0 = Release|Any CPU
		{C4CDB4BD-82D6-4AB2-AE33-6DDAFBD7EDE1}.Release|x64.ActiveCfg = Release|Any CPU
		{C4CDB4BD-82D6-4AB2-AE33-6DDAFBD7EDE1}.Release|x64.Build.0 = Release|Any CPU
		{C4CDB4BD-82D6-4AB2-AE33-6DDAFBD7EDE1}.Release|x86.ActiveCfg = Release|Any CPU
		{C4CDB4BD-82D6-4AB2-AE33-6DDAFBD7EDE1}.Release|x86.Build.0 = Release|Any CPU
		{2F36F6DE-8474-4011-9B18-29CE716F30AA}.Debug|Any CPU.ActiveCfg = Debug|Any CPU
		{2F36F6DE-8474-4011-9B18-29CE716F30AA}.Debug|Any CPU.Build.0 = Debug|Any CPU
		{2F36F6DE-8474-4011-9B18-29CE716F30AA}.Debug|ARM.ActiveCfg = Debug|Any CPU
		{2F36F6DE-8474-4011-9B18-29CE716F30AA}.Debug|ARM.Build.0 = Debug|Any CPU
		{2F36F6DE-8474-4011-9B18-29CE716F30AA}.Debug|x64.ActiveCfg = Debug|Any CPU
		{2F36F6DE-8474-4011-9B18-29CE716F30AA}.Debug|x64.Build.0 = Debug|Any CPU
		{2F36F6DE-8474-4011-9B18-29CE716F30AA}.Debug|x86.ActiveCfg = Debug|Any CPU
		{2F36F6DE-8474-4011-9B18-29CE716F30AA}.Debug|x86.Build.0 = Debug|Any CPU
		{2F36F6DE-8474-4011-9B18-29CE716F30AA}.Release|Any CPU.ActiveCfg = Release|Any CPU
		{2F36F6DE-8474-4011-9B18-29CE716F30AA}.Release|Any CPU.Build.0 = Release|Any CPU
		{2F36F6DE-8474-4011-9B18-29CE716F30AA}.Release|ARM.ActiveCfg = Release|Any CPU
		{2F36F6DE-8474-4011-9B18-29CE716F30AA}.Release|ARM.Build.0 = Release|Any CPU
		{2F36F6DE-8474-4011-9B18-29CE716F30AA}.Release|x64.ActiveCfg = Release|Any CPU
		{2F36F6DE-8474-4011-9B18-29CE716F30AA}.Release|x64.Build.0 = Release|Any CPU
		{2F36F6DE-8474-4011-9B18-29CE716F30AA}.Release|x86.ActiveCfg = Release|Any CPU
		{2F36F6DE-8474-4011-9B18-29CE716F30AA}.Release|x86.Build.0 = Release|Any CPU
		{6AE72A32-A6EB-482D-AF1C-177CF4E1469C}.Debug|Any CPU.ActiveCfg = Debug|x86
		{6AE72A32-A6EB-482D-AF1C-177CF4E1469C}.Debug|ARM.ActiveCfg = Debug|ARM
		{6AE72A32-A6EB-482D-AF1C-177CF4E1469C}.Debug|ARM.Build.0 = Debug|ARM
		{6AE72A32-A6EB-482D-AF1C-177CF4E1469C}.Debug|ARM.Deploy.0 = Debug|ARM
		{6AE72A32-A6EB-482D-AF1C-177CF4E1469C}.Debug|x64.ActiveCfg = Debug|x64
		{6AE72A32-A6EB-482D-AF1C-177CF4E1469C}.Debug|x64.Build.0 = Debug|x64
		{6AE72A32-A6EB-482D-AF1C-177CF4E1469C}.Debug|x64.Deploy.0 = Debug|x64
		{6AE72A32-A6EB-482D-AF1C-177CF4E1469C}.Debug|x86.ActiveCfg = Debug|x86
		{6AE72A32-A6EB-482D-AF1C-177CF4E1469C}.Debug|x86.Build.0 = Debug|x86
		{6AE72A32-A6EB-482D-AF1C-177CF4E1469C}.Debug|x86.Deploy.0 = Debug|x86
		{6AE72A32-A6EB-482D-AF1C-177CF4E1469C}.Release|Any CPU.ActiveCfg = Release|x86
		{6AE72A32-A6EB-482D-AF1C-177CF4E1469C}.Release|ARM.ActiveCfg = Release|ARM
		{6AE72A32-A6EB-482D-AF1C-177CF4E1469C}.Release|ARM.Build.0 = Release|ARM
		{6AE72A32-A6EB-482D-AF1C-177CF4E1469C}.Release|ARM.Deploy.0 = Release|ARM
		{6AE72A32-A6EB-482D-AF1C-177CF4E1469C}.Release|x64.ActiveCfg = Release|x64
		{6AE72A32-A6EB-482D-AF1C-177CF4E1469C}.Release|x64.Build.0 = Release|x64
		{6AE72A32-A6EB-482D-AF1C-177CF4E1469C}.Release|x64.Deploy.0 = Release|x64
		{6AE72A32-A6EB-482D-AF1C-177CF4E1469C}.Release|x86.ActiveCfg = Release|x86
		{6AE72A32-A6EB-482D-AF1C-177CF4E1469C}.Release|x86.Build.0 = Release|x86
		{6AE72A32-A6EB-482D-AF1C-177CF4E1469C}.Release|x86.Deploy.0 = Release|x86
	EndGlobalSection
	GlobalSection(SolutionProperties) = preSolution
		HideSolutionNode = FALSE
	EndGlobalSection
EndGlobal
