
Microsoft Visual Studio Solution File, Format Version 12.00
# Visual Studio 15
VisualStudioVersion = 15.0.26730.16
MinimumVisualStudioVersion = 10.0.40219.1
Project("{FAE04EC0-301F-11D3-BF4B-00C04F79EFBC}") = "HelloAzureAD", "HelloAzureAD\HelloAzureAD.csproj", "{BE38C2F2-EB39-4D28-9AE4-53065C25FEC9}"
EndProject
Project("{FAE04EC0-301F-11D3-BF4B-00C04F79EFBC}") = "GraphTreeView", "GraphTreeView\GraphTreeView.csproj", "{85BB5E99-58C0-4CC1-AC58-4CD19BB2CF18}"
EndProject
Project("{FAE04EC0-301F-11D3-BF4B-00C04F79EFBC}") = "WebAPIClientSingleTenant", "WebAPIClientSingleTenant\WebAPIClientSingleTenant.csproj", "{661D8207-2E6F-4CBF-B45C-CD1564BE8D75}"
EndProject
Project("{FAE04EC0-301F-11D3-BF4B-00C04F79EFBC}") = "WebAPIServerSingleTenant", "WebAPIServerSingleTenant\WebAPIServerSingleTenant.csproj", "{9BD1711B-8849-4827-9150-1C70BB6615E6}"
EndProject
Project("{FAE04EC0-301F-11D3-BF4B-00C04F79EFBC}") = "B2CVideoPortal", "B2CVideoPortal\B2CVideoPortal.csproj", "{C4CDB4BD-82D6-4AB2-AE33-6DDAFBD7EDE1}"
EndProject
Project("{FAE04EC0-301F-11D3-BF4B-00C04F79EFBC}") = "ADFSWebAPIServer", "ADFSWebAPIServer\ADFSWebAPIServer.csproj", "{2F36F6DE-8474-4011-9B18-29CE716F30AA}"
EndProject
Project("{FAE04EC0-301F-11D3-BF4B-00C04F79EFBC}") = "ADFSWebAPIClient", "ADFSWebAPIClient\ADFSWebAPIClient.csproj", "{6AE72A32-A6EB-482D-AF1C-177CF4E1469C}"
EndProject
Project("{FAE04EC0-301F-11D3-BF4B-00C04F79EFBC}") = "ClaimsWebApp", "ClaimsWebApp\ClaimsWebApp.csproj", "{82E18722-5D74-42D8-B9AF-0AE359B754AE}"
EndProject
Project("{FAE04EC0-301F-11D3-BF4B-00C04F79EFBC}") = "JwtCracker", "JwtCracker\JwtCracker.csproj", "{713BE6F5-EFF8-4A5B-8FBC-EC29D4616660}"
EndProject
Project("{9A19103F-16F7-4668-BE54-9A1E7A4F7556}") = "CoreWebAPIServer", "CoreWebAPIServer\CoreWebAPIServer.csproj", "{0369AAD8-884D-451C-BA5B-DCD7F8EA5636}"
EndProject
Project("{FAE04EC0-301F-11D3-BF4B-00C04F79EFBC}") = "CoreWebAPIClient", "CoreWebAPIClient\CoreWebAPIClient.csproj", "{28186B2B-D107-44E8-9088-FFA24347C6CF}"
EndProject
Project("{FAE04EC0-301F-11D3-BF4B-00C04F79EFBC}") = "AboutMePasswordGrant", "AboutMePasswordGrant\AboutMePasswordGrant.csproj", "{E095B452-C29D-4C29-8FEE-6BFC3E1689C7}"
EndProject
Project("{FAE04EC0-301F-11D3-BF4B-00C04F79EFBC}") = "HelloAADB2C", "HelloAADB2C\HelloAADB2C.csproj", "{F3E4C848-4296-44B5-B889-2DF107598738}"
EndProject
Project("{FAE04EC0-301F-11D3-BF4B-00C04F79EFBC}") = "ADFSTodoSPA", "ADFSTodoSPA\TodoSPA\ADFSTodoSPA.csproj", "{C177F6EE-E7DB-4FA3-96A2-72CB04A98F68}"
EndProject
Project("{9A19103F-16F7-4668-BE54-9A1E7A4F7556}") = "B2CNETCoreWebApp", "B2CNETCoreWebApp\B2CNETCoreWebApp.csproj", "{04415D07-23CE-4DF8-A15F-429A99CAC6ED}"
EndProject
Project("{FAE04EC0-301F-11D3-BF4B-00C04F79EFBC}") = "CoreWebAPISignedJWTs", "CoreWebAPISignedJWTs\CoreWebAPISignedJWTs.csproj", "{3158A6FC-0676-4531-8CA7-CCDF06DC8417}"
EndProject
Global
	GlobalSection(SolutionConfigurationPlatforms) = preSolution
		Debug|Any CPU = Debug|Any CPU
		Debug|ARM = Debug|ARM
		Debug|x64 = Debug|x64
		Debug|x86 = Debug|x86
		Release|Any CPU = Release|Any CPU
		Release|ARM = Release|ARM
		Release|x64 = Release|x64
		Release|x86 = Release|x86
	EndGlobalSection
	GlobalSection(ProjectConfigurationPlatforms) = postSolution
		{BE38C2F2-EB39-4D28-9AE4-53065C25FEC9}.Debug|Any CPU.ActiveCfg = Debug|x86
		{BE38C2F2-EB39-4D28-9AE4-53065C25FEC9}.Debug|ARM.ActiveCfg = Debug|ARM
		{BE38C2F2-EB39-4D28-9AE4-53065C25FEC9}.Debug|ARM.Build.0 = Debug|ARM
		{BE38C2F2-EB39-4D28-9AE4-53065C25FEC9}.Debug|ARM.Deploy.0 = Debug|ARM
		{BE38C2F2-EB39-4D28-9AE4-53065C25FEC9}.Debug|x64.ActiveCfg = Debug|x64
		{BE38C2F2-EB39-4D28-9AE4-53065C25FEC9}.Debug|x64.Build.0 = Debug|x64
		{BE38C2F2-EB39-4D28-9AE4-53065C25FEC9}.Debug|x64.Deploy.0 = Debug|x64
		{BE38C2F2-EB39-4D28-9AE4-53065C25FEC9}.Debug|x86.ActiveCfg = Debug|x86
		{BE38C2F2-EB39-4D28-9AE4-53065C25FEC9}.Debug|x86.Build.0 = Debug|x86
		{BE38C2F2-EB39-4D28-9AE4-53065C25FEC9}.Debug|x86.Deploy.0 = Debug|x86
		{BE38C2F2-EB39-4D28-9AE4-53065C25FEC9}.Release|Any CPU.ActiveCfg = Release|x86
		{BE38C2F2-EB39-4D28-9AE4-53065C25FEC9}.Release|ARM.ActiveCfg = Release|ARM
		{BE38C2F2-EB39-4D28-9AE4-53065C25FEC9}.Release|ARM.Build.0 = Release|ARM
		{BE38C2F2-EB39-4D28-9AE4-53065C25FEC9}.Release|ARM.Deploy.0 = Release|ARM
		{BE38C2F2-EB39-4D28-9AE4-53065C25FEC9}.Release|x64.ActiveCfg = Release|x64
		{BE38C2F2-EB39-4D28-9AE4-53065C25FEC9}.Release|x64.Build.0 = Release|x64
		{BE38C2F2-EB39-4D28-9AE4-53065C25FEC9}.Release|x64.Deploy.0 = Release|x64
		{BE38C2F2-EB39-4D28-9AE4-53065C25FEC9}.Release|x86.ActiveCfg = Release|x86
		{BE38C2F2-EB39-4D28-9AE4-53065C25FEC9}.Release|x86.Build.0 = Release|x86
		{BE38C2F2-EB39-4D28-9AE4-53065C25FEC9}.Release|x86.Deploy.0 = Release|x86
		{85BB5E99-58C0-4CC1-AC58-4CD19BB2CF18}.Debug|Any CPU.ActiveCfg = Debug|Any CPU
		{85BB5E99-58C0-4CC1-AC58-4CD19BB2CF18}.Debug|Any CPU.Build.0 = Debug|Any CPU
		{85BB5E99-58C0-4CC1-AC58-4CD19BB2CF18}.Debug|ARM.ActiveCfg = Debug|Any CPU
		{85BB5E99-58C0-4CC1-AC58-4CD19BB2CF18}.Debug|ARM.Build.0 = Debug|Any CPU
		{85BB5E99-58C0-4CC1-AC58-4CD19BB2CF18}.Debug|x64.ActiveCfg = Debug|Any CPU
		{85BB5E99-58C0-4CC1-AC58-4CD19BB2CF18}.Debug|x64.Build.0 = Debug|Any CPU
		{85BB5E99-58C0-4CC1-AC58-4CD19BB2CF18}.Debug|x86.ActiveCfg = Debug|Any CPU
		{85BB5E99-58C0-4CC1-AC58-4CD19BB2CF18}.Debug|x86.Build.0 = Debug|Any CPU
		{85BB5E99-58C0-4CC1-AC58-4CD19BB2CF18}.Release|Any CPU.ActiveCfg = Release|Any CPU
		{85BB5E99-58C0-4CC1-AC58-4CD19BB2CF18}.Release|Any CPU.Build.0 = Release|Any CPU
		{85BB5E99-58C0-4CC1-AC58-4CD19BB2CF18}.Release|ARM.ActiveCfg = Release|Any CPU
		{85BB5E99-58C0-4CC1-AC58-4CD19BB2CF18}.Release|ARM.Build.0 = Release|Any CPU
		{85BB5E99-58C0-4CC1-AC58-4CD19BB2CF18}.Release|x64.ActiveCfg = Release|Any CPU
		{85BB5E99-58C0-4CC1-AC58-4CD19BB2CF18}.Release|x64.Build.0 = Release|Any CPU
		{85BB5E99-58C0-4CC1-AC58-4CD19BB2CF18}.Release|x86.ActiveCfg = Release|Any CPU
		{85BB5E99-58C0-4CC1-AC58-4CD19BB2CF18}.Release|x86.Build.0 = Release|Any CPU
		{661D8207-2E6F-4CBF-B45C-CD1564BE8D75}.Debug|Any CPU.ActiveCfg = Debug|x86
		{661D8207-2E6F-4CBF-B45C-CD1564BE8D75}.Debug|ARM.ActiveCfg = Debug|ARM
		{661D8207-2E6F-4CBF-B45C-CD1564BE8D75}.Debug|ARM.Build.0 = Debug|ARM
		{661D8207-2E6F-4CBF-B45C-CD1564BE8D75}.Debug|ARM.Deploy.0 = Debug|ARM
		{661D8207-2E6F-4CBF-B45C-CD1564BE8D75}.Debug|x64.ActiveCfg = Debug|x64
		{661D8207-2E6F-4CBF-B45C-CD1564BE8D75}.Debug|x64.Build.0 = Debug|x64
		{661D8207-2E6F-4CBF-B45C-CD1564BE8D75}.Debug|x64.Deploy.0 = Debug|x64
		{661D8207-2E6F-4CBF-B45C-CD1564BE8D75}.Debug|x86.ActiveCfg = Debug|x86
		{661D8207-2E6F-4CBF-B45C-CD1564BE8D75}.Debug|x86.Build.0 = Debug|x86
		{661D8207-2E6F-4CBF-B45C-CD1564BE8D75}.Debug|x86.Deploy.0 = Debug|x86
		{661D8207-2E6F-4CBF-B45C-CD1564BE8D75}.Release|Any CPU.ActiveCfg = Release|x86
		{661D8207-2E6F-4CBF-B45C-CD1564BE8D75}.Release|ARM.ActiveCfg = Release|ARM
		{661D8207-2E6F-4CBF-B45C-CD1564BE8D75}.Release|ARM.Build.0 = Release|ARM
		{661D8207-2E6F-4CBF-B45C-CD1564BE8D75}.Release|ARM.Deploy.0 = Release|ARM
		{661D8207-2E6F-4CBF-B45C-CD1564BE8D75}.Release|x64.ActiveCfg = Release|x64
		{661D8207-2E6F-4CBF-B45C-CD1564BE8D75}.Release|x64.Build.0 = Release|x64
		{661D8207-2E6F-4CBF-B45C-CD1564BE8D75}.Release|x64.Deploy.0 = Release|x64
		{661D8207-2E6F-4CBF-B45C-CD1564BE8D75}.Release|x86.ActiveCfg = Release|x86
		{661D8207-2E6F-4CBF-B45C-CD1564BE8D75}.Release|x86.Build.0 = Release|x86
		{661D8207-2E6F-4CBF-B45C-CD1564BE8D75}.Release|x86.Deploy.0 = Release|x86
		{9BD1711B-8849-4827-9150-1C70BB6615E6}.Debug|Any CPU.ActiveCfg = Debug|Any CPU
		{9BD1711B-8849-4827-9150-1C70BB6615E6}.Debug|Any CPU.Build.0 = Debug|Any CPU
		{9BD1711B-8849-4827-9150-1C70BB6615E6}.Debug|ARM.ActiveCfg = Debug|Any CPU
		{9BD1711B-8849-4827-9150-1C70BB6615E6}.Debug|ARM.Build.0 = Debug|Any CPU
		{9BD1711B-8849-4827-9150-1C70BB6615E6}.Debug|x64.ActiveCfg = Debug|Any CPU
		{9BD1711B-8849-4827-9150-1C70BB6615E6}.Debug|x64.Build.0 = Debug|Any CPU
		{9BD1711B-8849-4827-9150-1C70BB6615E6}.Debug|x86.ActiveCfg = Debug|Any CPU
		{9BD1711B-8849-4827-9150-1C70BB6615E6}.Debug|x86.Build.0 = Debug|Any CPU
		{9BD1711B-8849-4827-9150-1C70BB6615E6}.Release|Any CPU.ActiveCfg = Release|Any CPU
		{9BD1711B-8849-4827-9150-1C70BB6615E6}.Release|Any CPU.Build.0 = Release|Any CPU
		{9BD1711B-8849-4827-9150-1C70BB6615E6}.Release|ARM.ActiveCfg = Release|Any CPU
		{9BD1711B-8849-4827-9150-1C70BB6615E6}.Release|ARM.Build.0 = Release|Any CPU
		{9BD1711B-8849-4827-9150-1C70BB6615E6}.Release|x64.ActiveCfg = Release|Any CPU
		{9BD1711B-8849-4827-9150-1C70BB6615E6}.Release|x64.Build.0 = Release|Any CPU
		{9BD1711B-8849-4827-9150-1C70BB6615E6}.Release|x86.ActiveCfg = Release|Any CPU
		{9BD1711B-8849-4827-9150-1C70BB6615E6}.Release|x86.Build.0 = Release|Any CPU
		{C4CDB4BD-82D6-4AB2-AE33-6DDAFBD7EDE1}.Debug|Any CPU.ActiveCfg = Debug|Any CPU
		{C4CDB4BD-82D6-4AB2-AE33-6DDAFBD7EDE1}.Debug|Any CPU.Build.0 = Debug|Any CPU
		{C4CDB4BD-82D6-4AB2-AE33-6DDAFBD7EDE1}.Debug|ARM.ActiveCfg = Debug|Any CPU
		{C4CDB4BD-82D6-4AB2-AE33-6DDAFBD7EDE1}.Debug|ARM.Build.0 = Debug|Any CPU
		{C4CDB4BD-82D6-4AB2-AE33-6DDAFBD7EDE1}.Debug|x64.ActiveCfg = Debug|Any CPU
		{C4CDB4BD-82D6-4AB2-AE33-6DDAFBD7EDE1}.Debug|x64.Build.0 = Debug|Any CPU
		{C4CDB4BD-82D6-4AB2-AE33-6DDAFBD7EDE1}.Debug|x86.ActiveCfg = Debug|Any CPU
		{C4CDB4BD-82D6-4AB2-AE33-6DDAFBD7EDE1}.Debug|x86.Build.0 = Debug|Any CPU
		{C4CDB4BD-82D6-4AB2-AE33-6DDAFBD7EDE1}.Release|Any CPU.ActiveCfg = Release|Any CPU
		{C4CDB4BD-82D6-4AB2-AE33-6DDAFBD7EDE1}.Release|Any CPU.Build.0 = Release|Any CPU
		{C4CDB4BD-82D6-4AB2-AE33-6DDAFBD7EDE1}.Release|ARM.ActiveCfg = Release|Any CPU
		{C4CDB4BD-82D6-4AB2-AE33-6DDAFBD7EDE1}.Release|ARM.Build.0 = Release|Any CPU
		{C4CDB4BD-82D6-4AB2-AE33-6DDAFBD7EDE1}.Release|x64.ActiveCfg = Release|Any CPU
		{C4CDB4BD-82D6-4AB2-AE33-6DDAFBD7EDE1}.Release|x64.Build.0 = Release|Any CPU
		{C4CDB4BD-82D6-4AB2-AE33-6DDAFBD7EDE1}.Release|x86.ActiveCfg = Release|Any CPU
		{C4CDB4BD-82D6-4AB2-AE33-6DDAFBD7EDE1}.Release|x86.Build.0 = Release|Any CPU
		{2F36F6DE-8474-4011-9B18-29CE716F30AA}.Debug|Any CPU.ActiveCfg = Debug|Any CPU
		{2F36F6DE-8474-4011-9B18-29CE716F30AA}.Debug|Any CPU.Build.0 = Debug|Any CPU
		{2F36F6DE-8474-4011-9B18-29CE716F30AA}.Debug|ARM.ActiveCfg = Debug|Any CPU
		{2F36F6DE-8474-4011-9B18-29CE716F30AA}.Debug|ARM.Build.0 = Debug|Any CPU
		{2F36F6DE-8474-4011-9B18-29CE716F30AA}.Debug|x64.ActiveCfg = Debug|Any CPU
		{2F36F6DE-8474-4011-9B18-29CE716F30AA}.Debug|x64.Build.0 = Debug|Any CPU
		{2F36F6DE-8474-4011-9B18-29CE716F30AA}.Debug|x86.ActiveCfg = Debug|Any CPU
		{2F36F6DE-8474-4011-9B18-29CE716F30AA}.Debug|x86.Build.0 = Debug|Any CPU
		{2F36F6DE-8474-4011-9B18-29CE716F30AA}.Release|Any CPU.ActiveCfg = Release|Any CPU
		{2F36F6DE-8474-4011-9B18-29CE716F30AA}.Release|Any CPU.Build.0 = Release|Any CPU
		{2F36F6DE-8474-4011-9B18-29CE716F30AA}.Release|ARM.ActiveCfg = Release|Any CPU
		{2F36F6DE-8474-4011-9B18-29CE716F30AA}.Release|ARM.Build.0 = Release|Any CPU
		{2F36F6DE-8474-4011-9B18-29CE716F30AA}.Release|x64.ActiveCfg = Release|Any CPU
		{2F36F6DE-8474-4011-9B18-29CE716F30AA}.Release|x64.Build.0 = Release|Any CPU
		{2F36F6DE-8474-4011-9B18-29CE716F30AA}.Release|x86.ActiveCfg = Release|Any CPU
		{2F36F6DE-8474-4011-9B18-29CE716F30AA}.Release|x86.Build.0 = Release|Any CPU
		{6AE72A32-A6EB-482D-AF1C-177CF4E1469C}.Debug|Any CPU.ActiveCfg = Debug|x86
		{6AE72A32-A6EB-482D-AF1C-177CF4E1469C}.Debug|ARM.ActiveCfg = Debug|ARM
		{6AE72A32-A6EB-482D-AF1C-177CF4E1469C}.Debug|ARM.Build.0 = Debug|ARM
		{6AE72A32-A6EB-482D-AF1C-177CF4E1469C}.Debug|ARM.Deploy.0 = Debug|ARM
		{6AE72A32-A6EB-482D-AF1C-177CF4E1469C}.Debug|x64.ActiveCfg = Debug|x64
		{6AE72A32-A6EB-482D-AF1C-177CF4E1469C}.Debug|x64.Build.0 = Debug|x64
		{6AE72A32-A6EB-482D-AF1C-177CF4E1469C}.Debug|x64.Deploy.0 = Debug|x64
		{6AE72A32-A6EB-482D-AF1C-177CF4E1469C}.Debug|x86.ActiveCfg = Debug|x86
		{6AE72A32-A6EB-482D-AF1C-177CF4E1469C}.Debug|x86.Build.0 = Debug|x86
		{6AE72A32-A6EB-482D-AF1C-177CF4E1469C}.Debug|x86.Deploy.0 = Debug|x86
		{6AE72A32-A6EB-482D-AF1C-177CF4E1469C}.Release|Any CPU.ActiveCfg = Release|x86
		{6AE72A32-A6EB-482D-AF1C-177CF4E1469C}.Release|ARM.ActiveCfg = Release|ARM
		{6AE72A32-A6EB-482D-AF1C-177CF4E1469C}.Release|ARM.Build.0 = Release|ARM
		{6AE72A32-A6EB-482D-AF1C-177CF4E1469C}.Release|ARM.Deploy.0 = Release|ARM
		{6AE72A32-A6EB-482D-AF1C-177CF4E1469C}.Release|x64.ActiveCfg = Release|x64
		{6AE72A32-A6EB-482D-AF1C-177CF4E1469C}.Release|x64.Build.0 = Release|x64
		{6AE72A32-A6EB-482D-AF1C-177CF4E1469C}.Release|x64.Deploy.0 = Release|x64
		{6AE72A32-A6EB-482D-AF1C-177CF4E1469C}.Release|x86.ActiveCfg = Release|x86
		{6AE72A32-A6EB-482D-AF1C-177CF4E1469C}.Release|x86.Build.0 = Release|x86
		{6AE72A32-A6EB-482D-AF1C-177CF4E1469C}.Release|x86.Deploy.0 = Release|x86
		{82E18722-5D74-42D8-B9AF-0AE359B754AE}.Debug|Any CPU.ActiveCfg = Debug|Any CPU
		{82E18722-5D74-42D8-B9AF-0AE359B754AE}.Debug|Any CPU.Build.0 = Debug|Any CPU
		{82E18722-5D74-42D8-B9AF-0AE359B754AE}.Debug|ARM.ActiveCfg = Debug|Any CPU
		{82E18722-5D74-42D8-B9AF-0AE359B754AE}.Debug|ARM.Build.0 = Debug|Any CPU
		{82E18722-5D74-42D8-B9AF-0AE359B754AE}.Debug|x64.ActiveCfg = Debug|Any CPU
		{82E18722-5D74-42D8-B9AF-0AE359B754AE}.Debug|x64.Build.0 = Debug|Any CPU
		{82E18722-5D74-42D8-B9AF-0AE359B754AE}.Debug|x86.ActiveCfg = Debug|Any CPU
		{82E18722-5D74-42D8-B9AF-0AE359B754AE}.Debug|x86.Build.0 = Debug|Any CPU
		{82E18722-5D74-42D8-B9AF-0AE359B754AE}.Release|Any CPU.ActiveCfg = Release|Any CPU
		{82E18722-5D74-42D8-B9AF-0AE359B754AE}.Release|Any CPU.Build.0 = Release|Any CPU
		{82E18722-5D74-42D8-B9AF-0AE359B754AE}.Release|ARM.ActiveCfg = Release|Any CPU
		{82E18722-5D74-42D8-B9AF-0AE359B754AE}.Release|ARM.Build.0 = Release|Any CPU
		{82E18722-5D74-42D8-B9AF-0AE359B754AE}.Release|x64.ActiveCfg = Release|Any CPU
		{82E18722-5D74-42D8-B9AF-0AE359B754AE}.Release|x64.Build.0 = Release|Any CPU
		{82E18722-5D74-42D8-B9AF-0AE359B754AE}.Release|x86.ActiveCfg = Release|Any CPU
		{82E18722-5D74-42D8-B9AF-0AE359B754AE}.Release|x86.Build.0 = Release|Any CPU
		{713BE6F5-EFF8-4A5B-8FBC-EC29D4616660}.Debug|Any CPU.ActiveCfg = Debug|Any CPU
		{713BE6F5-EFF8-4A5B-8FBC-EC29D4616660}.Debug|Any CPU.Build.0 = Debug|Any CPU
		{713BE6F5-EFF8-4A5B-8FBC-EC29D4616660}.Debug|ARM.ActiveCfg = Debug|Any CPU
		{713BE6F5-EFF8-4A5B-8FBC-EC29D4616660}.Debug|ARM.Build.0 = Debug|Any CPU
		{713BE6F5-EFF8-4A5B-8FBC-EC29D4616660}.Debug|x64.ActiveCfg = Debug|Any CPU
		{713BE6F5-EFF8-4A5B-8FBC-EC29D4616660}.Debug|x64.Build.0 = Debug|Any CPU
		{713BE6F5-EFF8-4A5B-8FBC-EC29D4616660}.Debug|x86.ActiveCfg = Debug|Any CPU
		{713BE6F5-EFF8-4A5B-8FBC-EC29D4616660}.Debug|x86.Build.0 = Debug|Any CPU
		{713BE6F5-EFF8-4A5B-8FBC-EC29D4616660}.Release|Any CPU.ActiveCfg = Release|Any CPU
		{713BE6F5-EFF8-4A5B-8FBC-EC29D4616660}.Release|Any CPU.Build.0 = Release|Any CPU
		{713BE6F5-EFF8-4A5B-8FBC-EC29D4616660}.Release|ARM.ActiveCfg = Release|Any CPU
		{713BE6F5-EFF8-4A5B-8FBC-EC29D4616660}.Release|ARM.Build.0 = Release|Any CPU
		{713BE6F5-EFF8-4A5B-8FBC-EC29D4616660}.Release|x64.ActiveCfg = Release|Any CPU
		{713BE6F5-EFF8-4A5B-8FBC-EC29D4616660}.Release|x64.Build.0 = Release|Any CPU
		{713BE6F5-EFF8-4A5B-8FBC-EC29D4616660}.Release|x86.ActiveCfg = Release|Any CPU
		{713BE6F5-EFF8-4A5B-8FBC-EC29D4616660}.Release|x86.Build.0 = Release|Any CPU
		{0369AAD8-884D-451C-BA5B-DCD7F8EA5636}.Debug|Any CPU.ActiveCfg = Debug|Any CPU
		{0369AAD8-884D-451C-BA5B-DCD7F8EA5636}.Debug|Any CPU.Build.0 = Debug|Any CPU
		{0369AAD8-884D-451C-BA5B-DCD7F8EA5636}.Debug|ARM.ActiveCfg = Debug|Any CPU
		{0369AAD8-884D-451C-BA5B-DCD7F8EA5636}.Debug|ARM.Build.0 = Debug|Any CPU
		{0369AAD8-884D-451C-BA5B-DCD7F8EA5636}.Debug|x64.ActiveCfg = Debug|Any CPU
		{0369AAD8-884D-451C-BA5B-DCD7F8EA5636}.Debug|x64.Build.0 = Debug|Any CPU
		{0369AAD8-884D-451C-BA5B-DCD7F8EA5636}.Debug|x86.ActiveCfg = Debug|Any CPU
		{0369AAD8-884D-451C-BA5B-DCD7F8EA5636}.Debug|x86.Build.0 = Debug|Any CPU
		{0369AAD8-884D-451C-BA5B-DCD7F8EA5636}.Release|Any CPU.ActiveCfg = Release|Any CPU
		{0369AAD8-884D-451C-BA5B-DCD7F8EA5636}.Release|Any CPU.Build.0 = Release|Any CPU
		{0369AAD8-884D-451C-BA5B-DCD7F8EA5636}.Release|ARM.ActiveCfg = Release|Any CPU
		{0369AAD8-884D-451C-BA5B-DCD7F8EA5636}.Release|ARM.Build.0 = Release|Any CPU
		{0369AAD8-884D-451C-BA5B-DCD7F8EA5636}.Release|x64.ActiveCfg = Release|Any CPU
		{0369AAD8-884D-451C-BA5B-DCD7F8EA5636}.Release|x64.Build.0 = Release|Any CPU
		{0369AAD8-884D-451C-BA5B-DCD7F8EA5636}.Release|x86.ActiveCfg = Release|Any CPU
		{0369AAD8-884D-451C-BA5B-DCD7F8EA5636}.Release|x86.Build.0 = Release|Any CPU
		{28186B2B-D107-44E8-9088-FFA24347C6CF}.Debug|Any CPU.ActiveCfg = Debug|x86
		{28186B2B-D107-44E8-9088-FFA24347C6CF}.Debug|ARM.ActiveCfg = Debug|ARM
		{28186B2B-D107-44E8-9088-FFA24347C6CF}.Debug|ARM.Build.0 = Debug|ARM
		{28186B2B-D107-44E8-9088-FFA24347C6CF}.Debug|ARM.Deploy.0 = Debug|ARM
		{28186B2B-D107-44E8-9088-FFA24347C6CF}.Debug|x64.ActiveCfg = Debug|x64
		{28186B2B-D107-44E8-9088-FFA24347C6CF}.Debug|x64.Build.0 = Debug|x64
		{28186B2B-D107-44E8-9088-FFA24347C6CF}.Debug|x64.Deploy.0 = Debug|x64
		{28186B2B-D107-44E8-9088-FFA24347C6CF}.Debug|x86.ActiveCfg = Debug|x86
		{28186B2B-D107-44E8-9088-FFA24347C6CF}.Debug|x86.Build.0 = Debug|x86
		{28186B2B-D107-44E8-9088-FFA24347C6CF}.Debug|x86.Deploy.0 = Debug|x86
		{28186B2B-D107-44E8-9088-FFA24347C6CF}.Release|Any CPU.ActiveCfg = Release|x86
		{28186B2B-D107-44E8-9088-FFA24347C6CF}.Release|ARM.ActiveCfg = Release|ARM
		{28186B2B-D107-44E8-9088-FFA24347C6CF}.Release|ARM.Build.0 = Release|ARM
		{28186B2B-D107-44E8-9088-FFA24347C6CF}.Release|ARM.Deploy.0 = Release|ARM
		{28186B2B-D107-44E8-9088-FFA24347C6CF}.Release|x64.ActiveCfg = Release|x64
		{28186B2B-D107-44E8-9088-FFA24347C6CF}.Release|x64.Build.0 = Release|x64
		{28186B2B-D107-44E8-9088-FFA24347C6CF}.Release|x64.Deploy.0 = Release|x64
		{28186B2B-D107-44E8-9088-FFA24347C6CF}.Release|x86.ActiveCfg = Release|x86
		{28186B2B-D107-44E8-9088-FFA24347C6CF}.Release|x86.Build.0 = Release|x86
		{28186B2B-D107-44E8-9088-FFA24347C6CF}.Release|x86.Deploy.0 = Release|x86
		{E095B452-C29D-4C29-8FEE-6BFC3E1689C7}.Debug|Any CPU.ActiveCfg = Debug|Any CPU
		{E095B452-C29D-4C29-8FEE-6BFC3E1689C7}.Debug|Any CPU.Build.0 = Debug|Any CPU
		{E095B452-C29D-4C29-8FEE-6BFC3E1689C7}.Debug|ARM.ActiveCfg = Debug|Any CPU
		{E095B452-C29D-4C29-8FEE-6BFC3E1689C7}.Debug|ARM.Build.0 = Debug|Any CPU
		{E095B452-C29D-4C29-8FEE-6BFC3E1689C7}.Debug|x64.ActiveCfg = Debug|Any CPU
		{E095B452-C29D-4C29-8FEE-6BFC3E1689C7}.Debug|x64.Build.0 = Debug|Any CPU
		{E095B452-C29D-4C29-8FEE-6BFC3E1689C7}.Debug|x86.ActiveCfg = Debug|Any CPU
		{E095B452-C29D-4C29-8FEE-6BFC3E1689C7}.Debug|x86.Build.0 = Debug|Any CPU
		{E095B452-C29D-4C29-8FEE-6BFC3E1689C7}.Release|Any CPU.ActiveCfg = Release|Any CPU
		{E095B452-C29D-4C29-8FEE-6BFC3E1689C7}.Release|Any CPU.Build.0 = Release|Any CPU
		{E095B452-C29D-4C29-8FEE-6BFC3E1689C7}.Release|ARM.ActiveCfg = Release|Any CPU
		{E095B452-C29D-4C29-8FEE-6BFC3E1689C7}.Release|ARM.Build.0 = Release|Any CPU
		{E095B452-C29D-4C29-8FEE-6BFC3E1689C7}.Release|x64.ActiveCfg = Release|Any CPU
		{E095B452-C29D-4C29-8FEE-6BFC3E1689C7}.Release|x64.Build.0 = Release|Any CPU
		{E095B452-C29D-4C29-8FEE-6BFC3E1689C7}.Release|x86.ActiveCfg = Release|Any CPU
		{E095B452-C29D-4C29-8FEE-6BFC3E1689C7}.Release|x86.Build.0 = Release|Any CPU
		{F3E4C848-4296-44B5-B889-2DF107598738}.Debug|Any CPU.ActiveCfg = Debug|x86
		{F3E4C848-4296-44B5-B889-2DF107598738}.Debug|ARM.ActiveCfg = Debug|ARM
		{F3E4C848-4296-44B5-B889-2DF107598738}.Debug|ARM.Build.0 = Debug|ARM
		{F3E4C848-4296-44B5-B889-2DF107598738}.Debug|ARM.Deploy.0 = Debug|ARM
		{F3E4C848-4296-44B5-B889-2DF107598738}.Debug|x64.ActiveCfg = Debug|x64
		{F3E4C848-4296-44B5-B889-2DF107598738}.Debug|x64.Build.0 = Debug|x64
		{F3E4C848-4296-44B5-B889-2DF107598738}.Debug|x64.Deploy.0 = Debug|x64
		{F3E4C848-4296-44B5-B889-2DF107598738}.Debug|x86.ActiveCfg = Debug|x86
		{F3E4C848-4296-44B5-B889-2DF107598738}.Debug|x86.Build.0 = Debug|x86
		{F3E4C848-4296-44B5-B889-2DF107598738}.Debug|x86.Deploy.0 = Debug|x86
		{F3E4C848-4296-44B5-B889-2DF107598738}.Release|Any CPU.ActiveCfg = Release|x86
		{F3E4C848-4296-44B5-B889-2DF107598738}.Release|ARM.ActiveCfg = Release|ARM
		{F3E4C848-4296-44B5-B889-2DF107598738}.Release|ARM.Build.0 = Release|ARM
		{F3E4C848-4296-44B5-B889-2DF107598738}.Release|ARM.Deploy.0 = Release|ARM
		{F3E4C848-4296-44B5-B889-2DF107598738}.Release|x64.ActiveCfg = Release|x64
		{F3E4C848-4296-44B5-B889-2DF107598738}.Release|x64.Build.0 = Release|x64
		{F3E4C848-4296-44B5-B889-2DF107598738}.Release|x64.Deploy.0 = Release|x64
		{F3E4C848-4296-44B5-B889-2DF107598738}.Release|x86.ActiveCfg = Release|x86
		{F3E4C848-4296-44B5-B889-2DF107598738}.Release|x86.Build.0 = Release|x86
		{F3E4C848-4296-44B5-B889-2DF107598738}.Release|x86.Deploy.0 = Release|x86
		{C177F6EE-E7DB-4FA3-96A2-72CB04A98F68}.Debug|Any CPU.ActiveCfg = Debug|Any CPU
		{C177F6EE-E7DB-4FA3-96A2-72CB04A98F68}.Debug|Any CPU.Build.0 = Debug|Any CPU
		{C177F6EE-E7DB-4FA3-96A2-72CB04A98F68}.Debug|ARM.ActiveCfg = Debug|Any CPU
		{C177F6EE-E7DB-4FA3-96A2-72CB04A98F68}.Debug|ARM.Build.0 = Debug|Any CPU
		{C177F6EE-E7DB-4FA3-96A2-72CB04A98F68}.Debug|x64.ActiveCfg = Debug|Any CPU
		{C177F6EE-E7DB-4FA3-96A2-72CB04A98F68}.Debug|x64.Build.0 = Debug|Any CPU
		{C177F6EE-E7DB-4FA3-96A2-72CB04A98F68}.Debug|x86.ActiveCfg = Debug|Any CPU
		{C177F6EE-E7DB-4FA3-96A2-72CB04A98F68}.Debug|x86.Build.0 = Debug|Any CPU
		{C177F6EE-E7DB-4FA3-96A2-72CB04A98F68}.Release|Any CPU.ActiveCfg = Release|Any CPU
		{C177F6EE-E7DB-4FA3-96A2-72CB04A98F68}.Release|Any CPU.Build.0 = Release|Any CPU
		{C177F6EE-E7DB-4FA3-96A2-72CB04A98F68}.Release|ARM.ActiveCfg = Release|Any CPU
		{C177F6EE-E7DB-4FA3-96A2-72CB04A98F68}.Release|ARM.Build.0 = Release|Any CPU
		{C177F6EE-E7DB-4FA3-96A2-72CB04A98F68}.Release|x64.ActiveCfg = Release|Any CPU
		{C177F6EE-E7DB-4FA3-96A2-72CB04A98F68}.Release|x64.Build.0 = Release|Any CPU
		{C177F6EE-E7DB-4FA3-96A2-72CB04A98F68}.Release|x86.ActiveCfg = Release|Any CPU
		{C177F6EE-E7DB-4FA3-96A2-72CB04A98F68}.Release|x86.Build.0 = Release|Any CPU
		{04415D07-23CE-4DF8-A15F-429A99CAC6ED}.Debug|Any CPU.ActiveCfg = Debug|Any CPU
		{04415D07-23CE-4DF8-A15F-429A99CAC6ED}.Debug|Any CPU.Build.0 = Debug|Any CPU
		{04415D07-23CE-4DF8-A15F-429A99CAC6ED}.Debug|ARM.ActiveCfg = Debug|Any CPU
		{04415D07-23CE-4DF8-A15F-429A99CAC6ED}.Debug|ARM.Build.0 = Debug|Any CPU
		{04415D07-23CE-4DF8-A15F-429A99CAC6ED}.Debug|x64.ActiveCfg = Debug|Any CPU
		{04415D07-23CE-4DF8-A15F-429A99CAC6ED}.Debug|x64.Build.0 = Debug|Any CPU
		{04415D07-23CE-4DF8-A15F-429A99CAC6ED}.Debug|x86.ActiveCfg = Debug|Any CPU
		{04415D07-23CE-4DF8-A15F-429A99CAC6ED}.Debug|x86.Build.0 = Debug|Any CPU
		{04415D07-23CE-4DF8-A15F-429A99CAC6ED}.Release|Any CPU.ActiveCfg = Release|Any CPU
		{04415D07-23CE-4DF8-A15F-429A99CAC6ED}.Release|Any CPU.Build.0 = Release|Any CPU
		{04415D07-23CE-4DF8-A15F-429A99CAC6ED}.Release|ARM.ActiveCfg = Release|Any CPU
		{04415D07-23CE-4DF8-A15F-429A99CAC6ED}.Release|ARM.Build.0 = Release|Any CPU
		{04415D07-23CE-4DF8-A15F-429A99CAC6ED}.Release|x64.ActiveCfg = Release|Any CPU
		{04415D07-23CE-4DF8-A15F-429A99CAC6ED}.Release|x64.Build.0 = Release|Any CPU
		{04415D07-23CE-4DF8-A15F-429A99CAC6ED}.Release|x86.ActiveCfg = Release|Any CPU
		{04415D07-23CE-4DF8-A15F-429A99CAC6ED}.Release|x86.Build.0 = Release|Any CPU
		{3158A6FC-0676-4531-8CA7-CCDF06DC8417}.Debug|Any CPU.ActiveCfg = Debug|Any CPU
		{3158A6FC-0676-4531-8CA7-CCDF06DC8417}.Debug|Any CPU.Build.0 = Debug|Any CPU
		{3158A6FC-0676-4531-8CA7-CCDF06DC8417}.Debug|ARM.ActiveCfg = Debug|Any CPU
		{3158A6FC-0676-4531-8CA7-CCDF06DC8417}.Debug|ARM.Build.0 = Debug|Any CPU
		{3158A6FC-0676-4531-8CA7-CCDF06DC8417}.Debug|x64.ActiveCfg = Debug|Any CPU
		{3158A6FC-0676-4531-8CA7-CCDF06DC8417}.Debug|x64.Build.0 = Debug|Any CPU
		{3158A6FC-0676-4531-8CA7-CCDF06DC8417}.Debug|x86.ActiveCfg = Debug|Any CPU
		{3158A6FC-0676-4531-8CA7-CCDF06DC8417}.Debug|x86.Build.0 = Debug|Any CPU
		{3158A6FC-0676-4531-8CA7-CCDF06DC8417}.Release|Any CPU.ActiveCfg = Release|Any CPU
		{3158A6FC-0676-4531-8CA7-CCDF06DC8417}.Release|Any CPU.Build.0 = Release|Any CPU
		{3158A6FC-0676-4531-8CA7-CCDF06DC8417}.Release|ARM.ActiveCfg = Release|Any CPU
		{3158A6FC-0676-4531-8CA7-CCDF06DC8417}.Release|ARM.Build.0 = Release|Any CPU
		{3158A6FC-0676-4531-8CA7-CCDF06DC8417}.Release|x64.ActiveCfg = Release|Any CPU
		{3158A6FC-0676-4531-8CA7-CCDF06DC8417}.Release|x64.Build.0 = Release|Any CPU
		{3158A6FC-0676-4531-8CA7-CCDF06DC8417}.Release|x86.ActiveCfg = Release|Any CPU
		{3158A6FC-0676-4531-8CA7-CCDF06DC8417}.Release|x86.Build.0 = Release|Any CPU
	EndGlobalSection
	GlobalSection(SolutionProperties) = preSolution
		HideSolutionNode = FALSE
	EndGlobalSection
	GlobalSection(ExtensibilityGlobals) = postSolution
		SolutionGuid = {23CD75A8-FF34-4EC3-AFB1-023117C4B0BE}
	EndGlobalSection
EndGlobal
